
Microsoft Visual Studio Solution File, Format Version 12.00
# Visual Studio Version 17
VisualStudioVersion = 17.8.34525.116
MinimumVisualStudioVersion = 10.0.40219.1
Project("{FAE04EC0-301F-11D3-BF4B-00C04F79EFBC}") = "DatingAppFullSD.Server", "Server\DatingAppFullSD.Server.csproj", "{320FD52B-D464-497B-9307-A18268FE480B}"
EndProject
Project("{FAE04EC0-301F-11D3-BF4B-00C04F79EFBC}") = "DatingAppFullSD.Client", "Client\DatingAppFullSD.Client.csproj", "{1029901B-C35E-4533-AD15-E882F9565B5E}"
EndProject
Project("{FAE04EC0-301F-11D3-BF4B-00C04F79EFBC}") = "DatingAppFullSD.Shared", "Shared\DatingAppFullSD.Shared.csproj", "{4189214D-C1A8-4020-8163-E3BA3A0EF3C0}"
EndProject
Global
	GlobalSection(SolutionConfigurationPlatforms) = preSolution
		Debug|Any CPU = Debug|Any CPU
		Release|Any CPU = Release|Any CPU
	EndGlobalSection
	GlobalSection(ProjectConfigurationPlatforms) = postSolution
		{320FD52B-D464-497B-9307-A18268FE480B}.Debug|Any CPU.ActiveCfg = Debug|Any CPU
		{320FD52B-D464-497B-9307-A18268FE480B}.Debug|Any CPU.Build.0 = Debug|Any CPU
		{320FD52B-D464-497B-9307-A18268FE480B}.Release|Any CPU.ActiveCfg = Release|Any CPU
		{320FD52B-D464-497B-9307-A18268FE480B}.Release|Any CPU.Build.0 = Release|Any CPU
		{1029901B-C35E-4533-AD15-E882F9565B5E}.Debug|Any CPU.ActiveCfg = Debug|Any CPU
		{1029901B-C35E-4533-AD15-E882F9565B5E}.Debug|Any CPU.Build.0 = Debug|Any CPU
		{1029901B-C35E-4533-AD15-E882F9565B5E}.Release|Any CPU.ActiveCfg = Release|Any CPU
		{1029901B-C35E-4533-AD15-E882F9565B5E}.Release|Any CPU.Build.0 = Release|Any CPU
		{4189214D-C1A8-4020-8163-E3BA3A0EF3C0}.Debug|Any CPU.ActiveCfg = Debug|Any CPU
		{4189214D-C1A8-4020-8163-E3BA3A0EF3C0}.Debug|Any CPU.Build.0 = Debug|Any CPU
		{4189214D-C1A8-4020-8163-E3BA3A0EF3C0}.Release|Any CPU.ActiveCfg = Release|Any CPU
		{4189214D-C1A8-4020-8163-E3BA3A0EF3C0}.Release|Any CPU.Build.0 = Release|Any CPU
	EndGlobalSection
	GlobalSection(SolutionProperties) = preSolution
		HideSolutionNode = FALSE
	EndGlobalSection
	GlobalSection(ExtensibilityGlobals) = postSolution
		SolutionGuid = {6A3D769E-1C34-40CC-A561-D36B690F4C68}
	EndGlobalSection
EndGlobal
